
Microsoft Visual Studio Solution File, Format Version 12.00
# Visual Studio Version 16
VisualStudioVersion = 16.0.33214.272
MinimumVisualStudioVersion = 10.0.40219.1
Project("{FAE04EC0-301F-11D3-BF4B-00C04F79EFBC}") = "movieAPI", "movieAPI.csproj", "{4E7BCE09-967B-4A99-BFB0-A6BF6C18D8D8}"
EndProject
Global
	GlobalSection(SolutionConfigurationPlatforms) = preSolution
		Debug|Any CPU = Debug|Any CPU
		Release|Any CPU = Release|Any CPU
	EndGlobalSection
	GlobalSection(ProjectConfigurationPlatforms) = postSolution
		{4E7BCE09-967B-4A99-BFB0-A6BF6C18D8D8}.Debug|Any CPU.ActiveCfg = Debug|Any CPU
		{4E7BCE09-967B-4A99-BFB0-A6BF6C18D8D8}.Debug|Any CPU.Build.0 = Debug|Any CPU
		{4E7BCE09-967B-4A99-BFB0-A6BF6C18D8D8}.Release|Any CPU.ActiveCfg = Release|Any CPU
		{4E7BCE09-967B-4A99-BFB0-A6BF6C18D8D8}.Release|Any CPU.Build.0 = Release|Any CPU
	EndGlobalSection
	GlobalSection(SolutionProperties) = preSolution
		HideSolutionNode = FALSE
	EndGlobalSection
	GlobalSection(ExtensibilityGlobals) = postSolution
		SolutionGuid = {900E90E8-F2A3-493A-88AC-32E1B6097243}
	EndGlobalSection
EndGlobal
